lockfileVersion: '9.0'

settings:
  autoInstallPeers: true
  excludeLinksFromLockfile: false

importers:

  .:
    devDependencies:
      '@types/react':
        specifier: ^19.1.13
        version: 19.1.13
      '@types/react-dom':
        specifier: ^19.1.3
        version: 19.1.9(@types/react@19.1.13)
      typescript:
        specifier: ^5.9.2
        version: 5.9.2

  apps/app:
    dependencies:
      '@ai-sdk/react':
        specifier: ^0.0.35
        version: 0.0.35(react@18.3.1)(zod@3.25.76)
      '@ts-inference/common':
        specifier: workspace:*
        version: link:../../packages/common
      ai:
        specifier: 5.0.44
        version: 5.0.44(zod@3.25.76)
      react:
        specifier: ^18.3.1
        version: 18.3.1
      react-dom:
        specifier: ^18.3.1
        version: 18.3.1(react@18.3.1)
    devDependencies:
      typescript:
        specifier: ^5.9.2
        version: 5.9.2

  packages/common:
    dependencies:
      ai:
        specifier: 5.0.44
        version: 5.0.44(zod@3.25.76)
      zod:
        specifier: ^3.25.76
        version: 3.25.76
    devDependencies:
      '@ts-inference/typescript-config':
        specifier: workspace:*
        version: link:../typescript-config
      typescript:
        specifier: ^5.9.2
        version: 5.9.2

  packages/typescript-config:
    devDependencies:
      '@effect/language-service':
        specifier: ^0.40.0
        version: 0.40.1

packages:

  '@ai-sdk/gateway@1.0.23':
    resolution: {integrity: sha512-ynV7WxpRK2zWLGkdOtrU2hW22mBVkEYVS3iMg1+ZGmAYSgzCqzC74bfOJZ2GU1UdcrFWUsFI9qAYjsPkd+AebA==}
    engines: {node: '>=18'}
    peerDependencies:
      zod: ^3.25.76 || ^4

  '@ai-sdk/provider-utils@1.0.5':
    resolution: {integrity: sha512-XfOawxk95X3S43arn2iQIFyWGMi0DTxsf9ETc6t7bh91RPWOOPYN1tsmS5MTKD33OGJeaDQ/gnVRzXUCRBrckQ==}
    engines: {node: '>=18'}
    peerDependencies:
      zod: ^3.0.0
    peerDependenciesMeta:
      zod:
        optional: true

  '@ai-sdk/provider-utils@3.0.9':
    resolution: {integrity: sha512-Pm571x5efqaI4hf9yW4KsVlDBDme8++UepZRnq+kqVBWWjgvGhQlzU8glaFq0YJEB9kkxZHbRRyVeHoV2sRYaQ==}
    engines: {node: '>=18'}
    peerDependencies:
      zod: ^3.25.76 || ^4

  '@ai-sdk/provider@0.0.14':
    resolution: {integrity: sha512-gaQ5Y033nro9iX1YUjEDFDRhmMcEiCk56LJdIUbX5ozEiCNCfpiBpEqrjSp/Gp5RzBS2W0BVxfG7UGW6Ezcrzg==}
    engines: {node: '>=18'}

  '@ai-sdk/provider@2.0.0':
    resolution: {integrity: sha512-6o7Y2SeO9vFKB8lArHXehNuusnpddKPk7xqL7T2/b+OvXMRIXUO1rR4wcv1hAFUAT9avGZshty3Wlua/XA7TvA==}
    engines: {node: '>=18'}

  '@ai-sdk/react@0.0.35':
    resolution: {integrity: sha512-tw/JNuzrDx4RQk/V/pYREwTiQkr+3i0MwROB8NAHlM70dyiKc/97vskQmIwBCuVGfXoEchzUtlF4LeYx085qmw==}
    engines: {node: '>=18'}
    peerDependencies:
      react: ^18 || ^19
      zod: ^3.0.0
    peerDependenciesMeta:
      react:
        optional: true
      zod:
        optional: true

  '@ai-sdk/ui-utils@0.0.23':
    resolution: {integrity: sha512-9KONrxwnoV9VyW9I3m9+cEi5IANvADeLuCe+oB3JzOobNKASwYwcQZ4X7no28DckfiJUmHk4gmPnsC3yfRoU5Q==}
    engines: {node: '>=18'}
    peerDependencies:
      zod: ^3.0.0
    peerDependenciesMeta:
      zod:
        optional: true

  '@effect/language-service@0.40.1':
    resolution: {integrity: sha512-q93kL2cBcyC6GUufqajZ2iN48d9MbLAlmPAxJQ0kdZEqeu+hUs+GuqPwWA/mNVmhhJutBnv5mg5YJlvcee69eg==}
    hasBin: true

  '@opentelemetry/api@1.9.0':
    resolution: {integrity: sha512-3giAOQvZiH5F9bMlMiv8+GSPMeqg0dbaeo58/0SlA9sxSqZhnUtxzX9/2FzyhS9sWQf5S0GJE0AKBrFqjpeYcg==}
    engines: {node: '>=8.0.0'}

  '@standard-schema/spec@1.0.0':
    resolution: {integrity: sha512-m2bOd0f2RT9k8QJx1JN85cZYyH1RqFBdlwtkSlf4tBDYLCiiZnv1fIIwacK6cqwXavOydf0NPToMQgpKq+dVlA==}

  '@types/react-dom@19.1.9':
    resolution: {integrity: sha512-qXRuZaOsAdXKFyOhRBg6Lqqc0yay13vN7KrIg4L7N4aaHN68ma9OK3NE1BoDFgFOTfM7zg+3/8+2n8rLUH3OKQ==}
    peerDependencies:
      '@types/react': ^19.0.0

  '@types/react@19.1.13':
    resolution: {integrity: sha512-hHkbU/eoO3EG5/MZkuFSKmYqPbSVk5byPFa3e7y/8TybHiLMACgI8seVYlicwk7H5K/rI2px9xrQp/C+AUDTiQ==}

  ai@5.0.44:
    resolution: {integrity: sha512-l/rdoM4LcRpsRBVvZQBwSU73oNoFGlWj+PcH86QRzxDGJgZqgGItWO0QcKjBNcLDmUjGN1VYd/8J0TAXHJleRQ==}
    engines: {node: '>=18'}
    peerDependencies:
      zod: ^3.25.76 || ^4

  client-only@0.0.1:
    resolution: {integrity: sha512-IV3Ou0jSMzZrd3pZ48nLkT9DA7Ag1pnPzaiQhpW7c3RbcqqzvzzVu+L8gfqMp/8IM2MQtSiqaCxrrcfu8I8rMA==}

  csstype@3.1.3:
    resolution: {integrity: sha512-M1uQkMl8rQK/szD0LNhtqxIPLpimGm8sOBwU7lLnCpSbTyY3yeU1Vc7l4KT5zT4s/yOxHH5O7tIuuLOCnLADRw==}

  eventsource-parser@1.1.2:
    resolution: {integrity: sha512-v0eOBUbiaFojBu2s2NPBfYUoRR9GjcDNvCXVaqEf5vVfpIAh9f8RCo4vXTP8c63QRKCFwoLpMpTdPwwhEKVgzA==}
    engines: {node: '>=14.18'}

  eventsource-parser@3.0.6:
    resolution: {integrity: sha512-Vo1ab+QXPzZ4tCa8SwIHJFaSzy4R6SHf7BY79rFBDf0idraZWAkYrDjDj8uWaSm3S2TK+hJ7/t1CEmZ7jXw+pg==}
    engines: {node: '>=18.0.0'}

  js-tokens@4.0.0:
    resolution: {integrity: sha512-RdJUflcE3cUzKiMqQgsCu06FPu9UdIJO0beYbPhHN4k6apgJtifcoCtT9bcxOpYBtpD2kCM6Sbzg4CausW/PKQ==}

  json-schema@0.4.0:
    resolution: {integrity: sha512-es94M3nTIfsEPisRafak+HDLfHXnKBhV3vU5eqPcS3flIWqcxJWgXHXiey3YrpaNsanY5ei1VoYEbOzijuq9BA==}

  loose-envify@1.4.0:
    resolution: {integrity: sha512-lyuxPGr/Wfhrlem2CL/UcnUc1zcqKAImBDzukY7Y5F/yQiNdko6+fRLevlw1HgMySw7f611UIY408EtxRSoK3Q==}
    hasBin: true

  nanoid@3.3.6:
    resolution: {integrity: sha512-BGcqMMJuToF7i1rt+2PWSNVnWIkGCU78jBG3RxO/bZlnZPK2Cmi2QaffxGO/2RvWi9sL+FAiRiXMgsyxQ1DIDA==}
    engines: {node: ^10 || ^12 || ^13.7 || ^14 || >=15.0.1}
    hasBin: true

  react-dom@18.3.1:
    resolution: {integrity: sha512-5m4nQKp+rZRb09LNH59GM4BxTh9251/ylbKIbpe7TpGxfJ+9kv6BLkLBXIjjspbgbnIBNqlI23tRnTWT0snUIw==}
    peerDependencies:
      react: ^18.3.1

  react@18.3.1:
    resolution: {integrity: sha512-wS+hAgJShR0KhEvPJArfuPVN1+Hz1t0Y6n5jLrGQbkb4urgPE/0Rve+1kMB1v/oWgHgm4WIcV+i7F2pTVj+2iQ==}
    engines: {node: '>=0.10.0'}

  scheduler@0.23.2:
    resolution: {integrity: sha512-UOShsPwz7NrMUqhR6t0hWjFduvOzbtv7toDH1/hIrfRNIDBnnBWd0CwJTGvTpngVlmwGCdP9/Zl/tVrDqcuYzQ==}

  secure-json-parse@2.7.0:
    resolution: {integrity: sha512-6aU+Rwsezw7VR8/nyvKTx8QpWH9FrcYiXXlqC4z5d5XQBDRqtbfsRjnwGyqbi3gddNtWHuEk9OANUotL26qKUw==}

  swr@2.2.5:
    resolution: {integrity: sha512-QtxqyclFeAsxEUeZIYmsaQ0UjimSq1RZ9Un7I68/0ClKK/U3LoyQunwkQfJZr2fc22DfIXLNDc2wFyTEikCUpg==}
    peerDependencies:
      react: ^16.11.0 || ^17.0.0 || ^18.0.0

  typescript@5.9.2:
    resolution: {integrity: sha512-CWBzXQrc/qOkhidw1OzBTQuYRbfyxDXJMVJ1XNwUHGROVmuaeiEm3OslpZ1RV96d7SKKjZKrSJu3+t/xlw3R9A==}
    engines: {node: '>=14.17'}
    hasBin: true

  use-sync-external-store@1.5.0:
    resolution: {integrity: sha512-Rb46I4cGGVBmjamjphe8L/UnvJD+uPPtTkNvX5mZgqdbavhI4EbgIWJiIHXJ8bc/i9EQGPRh4DwEURJ552Do0A==}
    peerDependencies:
      react: ^16.8.0 || ^17.0.0 || ^18.0.0 || ^19.0.0

  zod@3.25.76:
    resolution: {integrity: sha512-gzUt/qt81nXsFGKIFcC3YnfEAx5NkunCfnDlvuBSSFS02bcXu4Lmea0AFIUwbLWxWPx3d9p8S5QoaujKcNQxcQ==}

snapshots:

  '@ai-sdk/gateway@1.0.23(zod@3.25.76)':
    dependencies:
      '@ai-sdk/provider': 2.0.0
      '@ai-sdk/provider-utils': 3.0.9(zod@3.25.76)
      zod: 3.25.76

  '@ai-sdk/provider-utils@1.0.5(zod@3.25.76)':
    dependencies:
      '@ai-sdk/provider': 0.0.14
      eventsource-parser: 1.1.2
      nanoid: 3.3.6
      secure-json-parse: 2.7.0
    optionalDependencies:
      zod: 3.25.76

  '@ai-sdk/provider-utils@3.0.9(zod@3.25.76)':
    dependencies:
      '@ai-sdk/provider': 2.0.0
      '@standard-schema/spec': 1.0.0
      eventsource-parser: 3.0.6
      zod: 3.25.76

  '@ai-sdk/provider@0.0.14':
    dependencies:
      json-schema: 0.4.0

  '@ai-sdk/provider@2.0.0':
    dependencies:
      json-schema: 0.4.0

  '@ai-sdk/react@0.0.35(react@18.3.1)(zod@3.25.76)':
    dependencies:
      '@ai-sdk/provider-utils': 1.0.5(zod@3.25.76)
      '@ai-sdk/ui-utils': 0.0.23(zod@3.25.76)
      swr: 2.2.5(react@18.3.1)
    optionalDependencies:
      react: 18.3.1
      zod: 3.25.76

  '@ai-sdk/ui-utils@0.0.23(zod@3.25.76)':
    dependencies:
      '@ai-sdk/provider': 0.0.14
      '@ai-sdk/provider-utils': 1.0.5(zod@3.25.76)
      secure-json-parse: 2.7.0
    optionalDependencies:
      zod: 3.25.76

  '@effect/language-service@0.40.1': {}

  '@opentelemetry/api@1.9.0': {}

  '@standard-schema/spec@1.0.0': {}

  '@types/react-dom@19.1.9(@types/react@19.1.13)':
    dependencies:
      '@types/react': 19.1.13

  '@types/react@19.1.13':
    dependencies:
      csstype: 3.1.3

  ai@5.0.44(zod@3.25.76):
    dependencies:
      '@ai-sdk/gateway': 1.0.23(zod@3.25.76)
      '@ai-sdk/provider': 2.0.0
      '@ai-sdk/provider-utils': 3.0.9(zod@3.25.76)
      '@opentelemetry/api': 1.9.0
      zod: 3.25.76

  client-only@0.0.1: {}

  csstype@3.1.3: {}

  eventsource-parser@1.1.2: {}

  eventsource-parser@3.0.6: {}

  js-tokens@4.0.0: {}

  json-schema@0.4.0: {}

  loose-envify@1.4.0:
    dependencies:
      js-tokens: 4.0.0

  nanoid@3.3.6: {}

  react-dom@18.3.1(react@18.3.1):
    dependencies:
      loose-envify: 1.4.0
      react: 18.3.1
      scheduler: 0.23.2

  react@18.3.1:
    dependencies:
      loose-envify: 1.4.0

  scheduler@0.23.2:
    dependencies:
      loose-envify: 1.4.0

  secure-json-parse@2.7.0: {}

  swr@2.2.5(react@18.3.1):
    dependencies:
      client-only: 0.0.1
      react: 18.3.1
      use-sync-external-store: 1.5.0(react@18.3.1)

  typescript@5.9.2: {}

  use-sync-external-store@1.5.0(react@18.3.1):
    dependencies:
      react: 18.3.1

  zod@3.25.76: {}
